// !$*UTF8*$!
{
	archiveVersion = 1;
	classes = {
	};
	objectVersion = 46;
	objects = {

/* Begin PBXBuildFile section */
		7A72D6651DB59FC80040D082 /* ARCADECLASSIC.TTF in Resources */ = {isa = PBXBuildFile; fileRef = 7A72D6641DB59FC80040D082 /* ARCADECLASSIC.TTF */; };
		7A72D66B1DB59FE40040D082 /* digital-7 (italic).ttf in Resources */ = {isa = PBXBuildFile; fileRef = 7A72D6671DB59FE40040D082 /* digital-7 (italic).ttf */; };
		7A72D66C1DB59FE40040D082 /* digital-7 (mono italic).ttf in Resources */ = {isa = PBXBuildFile; fileRef = 7A72D6681DB59FE40040D082 /* digital-7 (mono italic).ttf */; };
		7A72D66D1DB59FE40040D082 /* digital-7 (mono).ttf in Resources */ = {isa = PBXBuildFile; fileRef = 7A72D6691DB59FE40040D082 /* digital-7 (mono).ttf */; };
		7A72D66E1DB59FE40040D082 /* digital-7.ttf in Resources */ = {isa = PBXBuildFile; fileRef = 7A72D66A1DB59FE40040D082 /* digital-7.ttf */; };
		7A923BCE1DB5A1A8006715E1 /* ISSLocationTableViewCell.swift in Sources */ = {isa = PBXBuildFile; fileRef = 7A923BCC1DB5A1A8006715E1 /* ISSLocationTableViewCell.swift */; };
		7A923BCF1DB5A1A8006715E1 /* ISSLocationTableViewCell.xib in Resources */ = {isa = PBXBuildFile; fileRef = 7A923BCD1DB5A1A8006715E1 /* ISSLocationTableViewCell.xib */; };
		7AF730A11DB55CDA008132C4 /* AppDelegate.swift in Sources */ = {isa = PBXBuildFile; fileRef = 7AF730A01DB55CDA008132C4 /* AppDelegate.swift */; };
		7AF730A31DB55CDA008132C4 /* FirstViewController.swift in Sources */ = {isa = PBXBuildFile; fileRef = 7AF730A21DB55CDA008132C4 /* FirstViewController.swift */; };
		7AF730A81DB55CDA008132C4 /* Main.storyboard in Resources */ = {isa = PBXBuildFile; fileRef = 7AF730A61DB55CDA008132C4 /* Main.storyboard */; };
		7AF730AA1DB55CDA008132C4 /* Assets.xcassets in Resources */ = {isa = PBXBuildFile; fileRef = 7AF730A91DB55CDA008132C4 /* Assets.xcassets */; };
		7AF730AD1DB55CDA008132C4 /* LaunchScreen.storyboard in Resources */ = {isa = PBXBuildFile; fileRef = 7AF730AB1DB55CDA008132C4 /* LaunchScreen.storyboard */; };
		7AF730B81DB55CDA008132C4 /* ISSLocatorTests.swift in Sources */ = {isa = PBXBuildFile; fileRef = 7AF730B71DB55CDA008132C4 /* ISSLocatorTests.swift */; };
		8CB511309F067B9D91855504 /* Pods_ISSLocator.framework in Frameworks */ = {isa = PBXBuildFile; fileRef = 672947C808406D6095E69131 /* Pods_ISSLocator.framework */; };
/* End PBXBuildFile section */

/* Begin PBXContainerItemProxy section */
		7AF730B41DB55CDA008132C4 /* PBXContainerItemProxy */ = {
			isa = PBXContainerItemProxy;
			containerPortal = 7AF730951DB55CD9008132C4 /* Project object */;
			proxyType = 1;
			remoteGlobalIDString = 7AF7309C1DB55CDA008132C4;
			remoteInfo = ISSLocator;
		};
/* End PBXContainerItemProxy section */

/* Begin PBXFileReference section */
		455E8095974B852D7150CC9D /* Pods-ISSLocator.release.xcconfig */ = {isa = PBXFileReference; includeInIndex = 1; lastKnownFileType = text.xcconfig; name = "Pods-ISSLocator.release.xcconfig"; path = "Pods/Target Support Files/Pods-ISSLocator/Pods-ISSLocator.release.xcconfig"; sourceTree = "<group>"; };
		55D4B73F76F03F330A5FC785 /* Pods-ISSLocator.debug.xcconfig */ = {isa = PBXFileReference; includeInIndex = 1; lastKnownFileType = text.xcconfig; name = "Pods-ISSLocator.debug.xcconfig"; path = "Pods/Target Support Files/Pods-ISSLocator/Pods-ISSLocator.debug.xcconfig"; sourceTree = "<group>"; };
		672947C808406D6095E69131 /* Pods_ISSLocator.framework */ = {isa = PBXFileReference; explicitFileType = wrapper.framework; includeInIndex = 0; path = Pods_ISSLocator.framework; sourceTree = BUILT_PRODUCTS_DIR; };
		7A72D6641DB59FC80040D082 /* ARCADECLASSIC.TTF */ = {isa = PBXFileReference; lastKnownFileType = file; name = ARCADECLASSIC.TTF; path = Fonts/arcadeclassic/ARCADECLASSIC.TTF; sourceTree = SOURCE_ROOT; };
		7A72D6671DB59FE40040D082 /* digital-7 (italic).ttf */ = {isa = PBXFileReference; lastKnownFileType = file; name = "digital-7 (italic).ttf"; path = "Fonts/digital-7/digital-7 (italic).ttf"; sourceTree = SOURCE_ROOT; };
		7A72D6681DB59FE40040D082 /* digital-7 (mono italic).ttf */ = {isa = PBXFileReference; lastKnownFileType = file; name = "digital-7 (mono italic).ttf"; path = "Fonts/digital-7/digital-7 (mono italic).ttf"; sourceTree = SOURCE_ROOT; };
		7A72D6691DB59FE40040D082 /* digital-7 (mono).ttf */ = {isa = PBXFileReference; lastKnownFileType = file; name = "digital-7 (mono).ttf"; path = "Fonts/digital-7/digital-7 (mono).ttf"; sourceTree = SOURCE_ROOT; };
		7A72D66A1DB59FE40040D082 /* digital-7.ttf */ = {isa = PBXFileReference; lastKnownFileType = file; name = "digital-7.ttf"; path = "Fonts/digital-7/digital-7.ttf"; sourceTree = SOURCE_ROOT; };
		7A923BCC1DB5A1A8006715E1 /* ISSLocationTableViewCell.swift */ = {isa = PBXFileReference; fileEncoding = 4; lastKnownFileType = sourcecode.swift; path = ISSLocationTableViewCell.swift; sourceTree = "<group>"; };
		7A923BCD1DB5A1A8006715E1 /* ISSLocationTableViewCell.xib */ = {isa = PBXFileReference; fileEncoding = 4; lastKnownFileType = file.xib; path = ISSLocationTableViewCell.xib; sourceTree = "<group>"; };
		7AF7309D1DB55CDA008132C4 /* ISSLocator.app */ = {isa = PBXFileReference; explicitFileType = wrapper.application; includeInIndex = 0; path = ISSLocator.app; sourceTree = BUILT_PRODUCTS_DIR; };
		7AF730A01DB55CDA008132C4 /* AppDelegate.swift */ = {isa = PBXFileReference; lastKnownFileType = sourcecode.swift; path = AppDelegate.swift; sourceTree = "<group>"; };
		7AF730A21DB55CDA008132C4 /* FirstViewController.swift */ = {isa = PBXFileReference; lastKnownFileType = sourcecode.swift; path = FirstViewController.swift; sourceTree = "<group>"; };
		7AF730A71DB55CDA008132C4 /* Base */ = {isa = PBXFileReference; lastKnownFileType = file.storyboard; name = Base; path = Base.lproj/Main.storyboard; sourceTree = "<group>"; };
		7AF730A91DB55CDA008132C4 /* Assets.xcassets */ = {isa = PBXFileReference; lastKnownFileType = folder.assetcatalog; path = Assets.xcassets; sourceTree = "<group>"; };
		7AF730AC1DB55CDA008132C4 /* Base */ = {isa = PBXFileReference; lastKnownFileType = file.storyboard; name = Base; path = Base.lproj/LaunchScreen.storyboard; sourceTree = "<group>"; };
		7AF730AE1DB55CDA008132C4 /* Info.plist */ = {isa = PBXFileReference; lastKnownFileType = text.plist.xml; path = Info.plist; sourceTree = "<group>"; };
		7AF730B31DB55CDA008132C4 /* ISSLocatorTests.xctest */ = {isa = PBXFileReference; explicitFileType = wrapper.cfbundle; includeInIndex = 0; path = ISSLocatorTests.xctest; sourceTree = BUILT_PRODUCTS_DIR; };
		7AF730B71DB55CDA008132C4 /* ISSLocatorTests.swift */ = {isa = PBXFileReference; lastKnownFileType = sourcecode.swift; path = ISSLocatorTests.swift; sourceTree = "<group>"; };
		7AF730B91DB55CDA008132C4 /* Info.plist */ = {isa = PBXFileReference; lastKnownFileType = text.plist.xml; path = Info.plist; sourceTree = "<group>"; };
/* End PBXFileReference section */

/* Begin PBXFrameworksBuildPhase section */
		7AF7309A1DB55CDA008132C4 /* Frameworks */ = {
			isa = PBXFrameworksBuildPhase;
			buildActionMask = 2147483647;
			files = (
				8CB511309F067B9D91855504 /* Pods_ISSLocator.framework in Frameworks */,
			);
			runOnlyForDeploymentPostprocessing = 0;
		};
		7AF730B01DB55CDA008132C4 /* Frameworks */ = {
			isa = PBXFrameworksBuildPhase;
			buildActionMask = 2147483647;
			files = (
			);
			runOnlyForDeploymentPostprocessing = 0;
		};
/* End PBXFrameworksBuildPhase section */

/* Begin PBXGroup section */
		7A72D6661DB59FCD0040D082 /* Fonts */ = {
			isa = PBXGroup;
			children = (
				7A72D6671DB59FE40040D082 /* digital-7 (italic).ttf */,
				7A72D6681DB59FE40040D082 /* digital-7 (mono italic).ttf */,
				7A72D6691DB59FE40040D082 /* digital-7 (mono).ttf */,
				7A72D66A1DB59FE40040D082 /* digital-7.ttf */,
				7A72D6641DB59FC80040D082 /* ARCADECLASSIC.TTF */,
			);
			name = Fonts;
			sourceTree = "<group>";
		};
		7AF730941DB55CD9008132C4 = {
			isa = PBXGroup;
			children = (
				7AF7309F1DB55CDA008132C4 /* ISSLocator */,
				7AF730B61DB55CDA008132C4 /* ISSLocatorTests */,
				7AF7309E1DB55CDA008132C4 /* Products */,
				D4B09907D3AD0CCE259FD6EF /* Pods */,
				DA8C9E39B380997CF72FC39B /* Frameworks */,
			);
			sourceTree = "<group>";
		};
		7AF7309E1DB55CDA008132C4 /* Products */ = {
			isa = PBXGroup;
			children = (
				7AF7309D1DB55CDA008132C4 /* ISSLocator.app */,
				7AF730B31DB55CDA008132C4 /* ISSLocatorTests.xctest */,
			);
			name = Products;
			sourceTree = "<group>";
		};
		7AF7309F1DB55CDA008132C4 /* ISSLocator */ = {
			isa = PBXGroup;
			children = (
				7AF730A01DB55CDA008132C4 /* AppDelegate.swift */,
				7AF730A21DB55CDA008132C4 /* FirstViewController.swift */,
				7AF730A61DB55CDA008132C4 /* Main.storyboard */,
				7A923BCC1DB5A1A8006715E1 /* ISSLocationTableViewCell.swift */,
				7A923BCD1DB5A1A8006715E1 /* ISSLocationTableViewCell.xib */,
				7AF730A91DB55CDA008132C4 /* Assets.xcassets */,
				7AF730AB1DB55CDA008132C4 /* LaunchScreen.storyboard */,
				7AF730AE1DB55CDA008132C4 /* Info.plist */,
				7A72D6661DB59FCD0040D082 /* Fonts */,
			);
			path = ISSLocator;
			sourceTree = "<group>";
		};
		7AF730B61DB55CDA008132C4 /* ISSLocatorTests */ = {
			isa = PBXGroup;
			children = (
				7AF730B71DB55CDA008132C4 /* ISSLocatorTests.swift */,
				7AF730B91DB55CDA008132C4 /* Info.plist */,
			);
			path = ISSLocatorTests;
			sourceTree = "<group>";
		};
		D4B09907D3AD0CCE259FD6EF /* Pods */ = {
			isa = PBXGroup;
			children = (
				55D4B73F76F03F330A5FC785 /* Pods-ISSLocator.debug.xcconfig */,
				455E8095974B852D7150CC9D /* Pods-ISSLocator.release.xcconfig */,
			);
			name = Pods;
			sourceTree = "<group>";
		};
		DA8C9E39B380997CF72FC39B /* Frameworks */ = {
			isa = PBXGroup;
			children = (
				672947C808406D6095E69131 /* Pods_ISSLocator.framework */,
			);
			name = Frameworks;
			sourceTree = "<group>";
		};
/* End PBXGroup section */

/* Begin PBXNativeTarget section */
		7AF7309C1DB55CDA008132C4 /* ISSLocator */ = {
			isa = PBXNativeTarget;
			buildConfigurationList = 7AF730BC1DB55CDA008132C4 /* Build configuration list for PBXNativeTarget "ISSLocator" */;
			buildPhases = (
				0038E8CD06B294C86D6E7996 /* [CP] Check Pods Manifest.lock */,
				7AF730991DB55CDA008132C4 /* Sources */,
				7AF7309A1DB55CDA008132C4 /* Frameworks */,
				7AF7309B1DB55CDA008132C4 /* Resources */,
				CFB8FD7BF9EAD6DA6E51C9DC /* [CP] Embed Pods Frameworks */,
				2843C622E6EA730ABD971F99 /* [CP] Copy Pods Resources */,
			);
			buildRules = (
			);
			dependencies = (
			);
			name = ISSLocator;
			productName = ISSLocator;
			productReference = 7AF7309D1DB55CDA008132C4 /* ISSLocator.app */;
			productType = "com.apple.product-type.application";
		};
		7AF730B21DB55CDA008132C4 /* ISSLocatorTests */ = {
			isa = PBXNativeTarget;
			buildConfigurationList = 7AF730BF1DB55CDA008132C4 /* Build configuration list for PBXNativeTarget "ISSLocatorTests" */;
			buildPhases = (
				7AF730AF1DB55CDA008132C4 /* Sources */,
				7AF730B01DB55CDA008132C4 /* Frameworks */,
				7AF730B11DB55CDA008132C4 /* Resources */,
			);
			buildRules = (
			);
			dependencies = (
				7AF730B51DB55CDA008132C4 /* PBXTargetDependency */,
			);
			name = ISSLocatorTests;
			productName = ISSLocatorTests;
			productReference = 7AF730B31DB55CDA008132C4 /* ISSLocatorTests.xctest */;
			productType = "com.apple.product-type.bundle.unit-test";
		};
/* End PBXNativeTarget section */

/* Begin PBXProject section */
		7AF730951DB55CD9008132C4 /* Project object */ = {
			isa = PBXProject;
			attributes = {
				LastSwiftUpdateCheck = 0800;
				LastUpgradeCheck = 0800;
				ORGANIZATIONNAME = "Corey Zanotti";
				TargetAttributes = {
					7AF7309C1DB55CDA008132C4 = {
						CreatedOnToolsVersion = 8.0;
						ProvisioningStyle = Automatic;
					};
					7AF730B21DB55CDA008132C4 = {
						CreatedOnToolsVersion = 8.0;
						ProvisioningStyle = Automatic;
						TestTargetID = 7AF7309C1DB55CDA008132C4;
					};
				};
			};
			buildConfigurationList = 7AF730981DB55CD9008132C4 /* Build configuration list for PBXProject "ISSLocator" */;
			compatibilityVersion = "Xcode 3.2";
			developmentRegion = English;
			hasScannedForEncodings = 0;
			knownRegions = (
				en,
				Base,
			);
			mainGroup = 7AF730941DB55CD9008132C4;
			productRefGroup = 7AF7309E1DB55CDA008132C4 /* Products */;
			projectDirPath = "";
			projectRoot = "";
			targets = (
				7AF7309C1DB55CDA008132C4 /* ISSLocator */,
				7AF730B21DB55CDA008132C4 /* ISSLocatorTests */,
			);
		};
/* End PBXProject section */

/* Begin PBXResourcesBuildPhase section */
		7AF7309B1DB55CDA008132C4 /* Resources */ = {
			isa = PBXResourcesBuildPhase;
			buildActionMask = 2147483647;
			files = (
				7A72D66D1DB59FE40040D082 /* digital-7 (mono).ttf in Resources */,
				7A923BCF1DB5A1A8006715E1 /* ISSLocationTableViewCell.xib in Resources */,
				7AF730AD1DB55CDA008132C4 /* LaunchScreen.storyboard in Resources */,
				7A72D66C1DB59FE40040D082 /* digital-7 (mono italic).ttf in Resources */,
				7A72D66E1DB59FE40040D082 /* digital-7.ttf in Resources */,
				7A72D66B1DB59FE40040D082 /* digital-7 (italic).ttf in Resources */,
				7AF730AA1DB55CDA008132C4 /* Assets.xcassets in Resources */,
				7AF730A81DB55CDA008132C4 /* Main.storyboard in Resources */,
				7A72D6651DB59FC80040D082 /* ARCADECLASSIC.TTF in Resources */,
			);
			runOnlyForDeploymentPostprocessing = 0;
		};
		7AF730B11DB55CDA008132C4 /* Resources */ = {
			isa = PBXResourcesBuildPhase;
			buildActionMask = 2147483647;
			files = (
			);
			runOnlyForDeploymentPostprocessing = 0;
		};
/* End PBXResourcesBuildPhase section */

/* Begin PBXShellScriptBuildPhase section */
		0038E8CD06B294C86D6E7996 /* [CP] Check Pods Manifest.lock */ = {
			isa = PBXShellScriptBuildPhase;
			buildActionMask = 2147483647;
			files = (
			);
			inputPaths = (
			);
			name = "[CP] Check Pods Manifest.lock";
			outputPaths = (
			);
			runOnlyForDeploymentPostprocessing = 0;
			shellPath = /bin/sh;
			shellScript = "diff \"${PODS_ROOT}/../Podfile.lock\" \"${PODS_ROOT}/Manifest.lock\" > /dev/null\nif [[ $? != 0 ]] ; then\n    cat << EOM\nerror: The sandbox is not in sync with the Podfile.lock. Run 'pod install' or update your CocoaPods installation.\nEOM\n    exit 1\nfi\n";
			showEnvVarsInLog = 0;
		};
		2843C622E6EA730ABD971F99 /* [CP] Copy Pods Resources */ = {
			isa = PBXShellScriptBuildPhase;
			buildActionMask = 2147483647;
			files = (
			);
			inputPaths = (
			);
			name = "[CP] Copy Pods Resources";
			outputPaths = (
			);
			runOnlyForDeploymentPostprocessing = 0;
			shellPath = /bin/sh;
			shellScript = "\"${SRCROOT}/Pods/Target Support Files/Pods-ISSLocator/Pods-ISSLocator-resources.sh\"\n";
			showEnvVarsInLog = 0;
		};
		CFB8FD7BF9EAD6DA6E51C9DC /* [CP] Embed Pods Frameworks */ = {
			isa = PBXShellScriptBuildPhase;
			buildActionMask = 2147483647;
			files = (
			);
			inputPaths = (
			);
			name = "[CP] Embed Pods Frameworks";
			outputPaths = (
			);
			runOnlyForDeploymentPostprocessing = 0;
			shellPath = /bin/sh;
			shellScript = "\"${SRCROOT}/Pods/Target Support Files/Pods-ISSLocator/Pods-ISSLocator-frameworks.sh\"\n";
			showEnvVarsInLog = 0;
		};
/* End PBXShellScriptBuildPhase section */

/* Begin PBXSourcesBuildPhase section */
		7AF730991DB55CDA008132C4 /* Sources */ = {
			isa = PBXSourcesBuildPhase;
			buildActionMask = 2147483647;
			files = (
				7AF730A11DB55CDA008132C4 /* AppDelegate.swift in Sources */,
				7A923BCE1DB5A1A8006715E1 /* ISSLocationTableViewCell.swift in Sources */,
				7AF730A31DB55CDA008132C4 /* FirstViewController.swift in Sources */,
			);
			runOnlyForDeploymentPostprocessing = 0;
		};
		7AF730AF1DB55CDA008132C4 /* Sources */ = {
			isa = PBXSourcesBuildPhase;
			buildActionMask = 2147483647;
			files = (
				7AF730B81DB55CDA008132C4 /* ISSLocatorTests.swift in Sources */,
			);
			runOnlyForDeploymentPostprocessing = 0;
		};
/* End PBXSourcesBuildPhase section */

/* Begin PBXTargetDependency section */
		7AF730B51DB55CDA008132C4 /* PBXTargetDependency */ = {
			isa = PBXTargetDependency;
			target = 7AF7309C1DB55CDA008132C4 /* ISSLocator */;
			targetProxy = 7AF730B41DB55CDA008132C4 /* PBXContainerItemProxy */;
		};
/* End PBXTargetDependency section */

/* Begin PBXVariantGroup section */
		7AF730A61DB55CDA008132C4 /* Main.storyboard */ = {
			isa = PBXVariantGroup;
			children = (
				7AF730A71DB55CDA008132C4 /* Base */,
			);
			name = Main.storyboard;
			sourceTree = "<group>";
		};
		7AF730AB1DB55CDA008132C4 /* LaunchScreen.storyboard */ = {
			isa = PBXVariantGroup;
			children = (
				7AF730AC1DB55CDA008132C4 /* Base */,
			);
			name = LaunchScreen.storyboard;
			sourceTree = "<group>";
		};
/* End PBXVariantGroup section */

/* Begin XCBuildConfiguration section */
		7AF730BA1DB55CDA008132C4 /* Debug */ = {
			isa = XCBuildConfiguration;
			buildSettings = {
				ALWAYS_SEARCH_USER_PATHS = NO;
				CLANG_ANALYZER_NONNULL = YES;
				CLANG_CXX_LANGUAGE_STANDARD = "gnu++0x";
				CLANG_CXX_LIBRARY = "libc++";
				CLANG_ENABLE_MODULES = YES;
				CLANG_ENABLE_OBJC_ARC = YES;
				CLANG_WARN_BOOL_CONVERSION = YES;
				CLANG_WARN_CONSTANT_CONVERSION = YES;
				CLANG_WARN_DIRECT_OBJC_ISA_USAGE = YES_ERROR;
				CLANG_WARN_DOCUMENTATION_COMMENTS = YES;
				CLANG_WARN_EMPTY_BODY = YES;
				CLANG_WARN_ENUM_CONVERSION = YES;
				CLANG_WARN_INFINITE_RECURSION = YES;
				CLANG_WARN_INT_CONVERSION = YES;
				CLANG_WARN_OBJC_ROOT_CLASS = YES_ERROR;
				CLANG_WARN_SUSPICIOUS_MOVES = YES;
				CLANG_WARN_UNREACHABLE_CODE = YES;
				CLANG_WARN__DUPLICATE_METHOD_MATCH = YES;
				"CODE_SIGN_IDENTITY[sdk=iphoneos*]" = "iPhone Developer";
				COPY_PHASE_STRIP = NO;
				DEBUG_INFORMATION_FORMAT = dwarf;
				ENABLE_STRICT_OBJC_MSGSEND = YES;
				ENABLE_TESTABILITY = YES;
				GCC_C_LANGUAGE_STANDARD = gnu99;
				GCC_DYNAMIC_NO_PIC = NO;
				GCC_NO_COMMON_BLOCKS = YES;
				GCC_OPTIMIZATION_LEVEL = 0;
				GCC_PREPROCESSOR_DEFINITIONS = (
					"DEBUG=1",
					"$(inherited)",
				);
				GCC_WARN_64_TO_32_BIT_CONVERSION = YES;
				GCC_WARN_ABOUT_RETURN_TYPE = YES_ERROR;
				GCC_WARN_UNDECLARED_SELECTOR = YES;
				GCC_WARN_UNINITIALIZED_AUTOS = YES_AGGRESSIVE;
				GCC_WARN_UNUSED_FUNCTION = YES;
				GCC_WARN_UNUSED_VARIABLE = YES;
				IPHONEOS_DEPLOYMENT_TARGET = 10.0;
				MTL_ENABLE_DEBUG_INFO = YES;
				ONLY_ACTIVE_ARCH = YES;
				SDKROOT = iphoneos;
				SWIFT_ACTIVE_COMPILATION_CONDITIONS = DEBUG;
				SWIFT_OPTIMIZATION_LEVEL = "-Onone";
				TARGETED_DEVICE_FAMILY = "1,2";
			};
			name = Debug;
		};
		7AF730BB1DB55CDA008132C4 /* Release */ = {
			isa = XCBuildConfiguration;
			buildSettings = {
				ALWAYS_SEARCH_USER_PATHS = NO;
				CLANG_ANALYZER_NONNULL = YES;
				CLANG_CXX_LANGUAGE_STANDARD = "gnu++0x";
				CLANG_CXX_LIBRARY = "libc++";
				CLANG_ENABLE_MODULES = YES;
				CLANG_ENABLE_OBJC_ARC = YES;
				CLANG_WARN_BOOL_CONVERSION = YES;
				CLANG_WARN_CONSTANT_CONVERSION = YES;
				CLANG_WARN_DIRECT_OBJC_ISA_USAGE = YES_ERROR;
				CLANG_WARN_DOCUMENTATION_COMMENTS = YES;
				CLANG_WARN_EMPTY_BODY = YES;
				CLANG_WARN_ENUM_CONVERSION = YES;
				CLANG_WARN_INFINITE_RECURSION = YES;
				CLANG_WARN_INT_CONVERSION = YES;
				CLANG_WARN_OBJC_ROOT_CLASS = YES_ERROR;
				CLANG_WARN_SUSPICIOUS_MOVES = YES;
				CLANG_WARN_UNREACHABLE_CODE = YES;
				CLANG_WARN__DUPLICATE_METHOD_MATCH = YES;
				"CODE_SIGN_IDENTITY[sdk=iphoneos*]" = "iPhone Developer";
				COPY_PHASE_STRIP = NO;
				DEBUG_INFORMATION_FORMAT = "dwarf-with-dsym";
				ENABLE_NS_ASSERTIONS = NO;
				ENABLE_STRICT_OBJC_MSGSEND = YES;
				GCC_C_LANGUAGE_STANDARD = gnu99;
				GCC_NO_COMMON_BLOCKS = YES;
				GCC_WARN_64_TO_32_BIT_CONVERSION = YES;
				GCC_WARN_ABOUT_RETURN_TYPE = YES_ERROR;
				GCC_WARN_UNDECLARED_SELECTOR = YES;
				GCC_WARN_UNINITIALIZED_AUTOS = YES_AGGRESSIVE;
				GCC_WARN_UNUSED_FUNCTION = YES;
				GCC_WARN_UNUSED_VARIABLE = YES;
				IPHONEOS_DEPLOYMENT_TARGET = 10.0;
				MTL_ENABLE_DEBUG_INFO = NO;
				SDKROOT = iphoneos;
				SWIFT_OPTIMIZATION_LEVEL = "-Owholemodule";
				TARGETED_DEVICE_FAMILY = "1,2";
				VALIDATE_PRODUCT = YES;
			};
			name = Release;
		};
		7AF730BD1DB55CDA008132C4 /* Debug */ = {
			isa = XCBuildConfiguration;
			baseConfigurationReference = 55D4B73F76F03F330A5FC785 /* Pods-ISSLocator.debug.xcconfig */;
			buildSettings = {
				ASSETCATALOG_COMPILER_APPICON_NAME = AppIcon;
				DEVELOPMENT_TEAM = "";
				INFOPLIST_FILE = ISSLocator/Info.plist;
				LD_RUNPATH_SEARCH_PATHS = "$(inherited) @executable_path/Frameworks";
				PRODUCT_BUNDLE_IDENTIFIER = coreyTheDev.ISSLocator;
				PRODUCT_NAME = "$(TARGET_NAME)";
				SWIFT_VERSION = 3.0;
				TARGETED_DEVICE_FAMILY = 1;
			};
			name = Debug;
		};
		7AF730BE1DB55CDA008132C4 /* Release */ = {
			isa = XCBuildConfiguration;
			baseConfigurationReference = 455E8095974B852D7150CC9D /* Pods-ISSLocator.release.xcconfig */;
			buildSettings = {
				ASSETCATALOG_COMPILER_APPICON_NAME = AppIcon;
				DEVELOPMENT_TEAM = "";
				INFOPLIST_FILE = ISSLocator/Info.plist;
				LD_RUNPATH_SEARCH_PATHS = "$(inherited) @executable_path/Frameworks";
				PRODUCT_BUNDLE_IDENTIFIER = coreyTheDev.ISSLocator;
				PRODUCT_NAME = "$(TARGET_NAME)";
				SWIFT_VERSION = 3.0;
				TARGETED_DEVICE_FAMILY = 1;
			};
			name = Release;
		};
		7AF730C01DB55CDA008132C4 /* Debug */ = {
			isa = XCBuildConfiguration;
			buildSettings = {
				ALWAYS_EMBED_SWIFT_STANDARD_LIBRARIES = YES;
				BUNDLE_LOADER = "$(TEST_HOST)";
				INFOPLIST_FILE = ISSLocatorTests/Info.plist;
				LD_RUNPATH_SEARCH_PATHS = "$(inherited) @executable_path/Frameworks @loader_path/Frameworks";
				PRODUCT_BUNDLE_IDENTIFIER = coreyTheDev.ISSLocatorTests;
				PRODUCT_NAME = "$(TARGET_NAME)";
				SWIFT_VERSION = 3.0;
				TEST_HOST = "$(BUILT_PRODUCTS_DIR)/ISSLocator.app/ISSLocator";
			};
			name = Debug;
		};
		7AF730C11DB55CDA008132C4 /* Release */ = {
			isa = XCBuildConfiguration;
			buildSettings = {
				ALWAYS_EMBED_SWIFT_STANDARD_LIBRARIES = YES;
				BUNDLE_LOADER = "$(TEST_HOST)";
				INFOPLIST_FILE = ISSLocatorTests/Info.plist;
				LD_RUNPATH_SEARCH_PATHS = "$(inherited) @executable_path/Frameworks @loader_path/Frameworks";
				PRODUCT_BUNDLE_IDENTIFIER = coreyTheDev.ISSLocatorTests;
				PRODUCT_NAME = "$(TARGET_NAME)";
				SWIFT_VERSION = 3.0;
				TEST_HOST = "$(BUILT_PRODUCTS_DIR)/ISSLocator.app/ISSLocator";
			};
			name = Release;
		};
/* End XCBuildConfiguration section */

/* Begin XCConfigurationList section */
		7AF730981DB55CD9008132C4 /* Build configuration list for PBXProject "ISSLocator" */ = {
			isa = XCConfigurationList;
			buildConfigurations = (
				7AF730BA1DB55CDA008132C4 /* Debug */,
				7AF730BB1DB55CDA008132C4 /* Release */,
			);
			defaultConfigurationIsVisible = 0;
			defaultConfigurationName = Release;
		};
		7AF730BC1DB55CDA008132C4 /* Build configuration list for PBXNativeTarget "ISSLocator" */ = {
			isa = XCConfigurationList;
			buildConfigurations = (
				7AF730BD1DB55CDA008132C4 /* Debug */,
				7AF730BE1DB55CDA008132C4 /* Release */,
			);
			defaultConfigurationIsVisible = 0;
			defaultConfigurationName = Release;
		};
		7AF730BF1DB55CDA008132C4 /* Build configuration list for PBXNativeTarget "ISSLocatorTests" */ = {
			isa = XCConfigurationList;
			buildConfigurations = (
				7AF730C01DB55CDA008132C4 /* Debug */,
				7AF730C11DB55CDA008132C4 /* Release */,
			);
			defaultConfigurationIsVisible = 0;
			defaultConfigurationName = Release;
		};
/* End XCConfigurationList section */
	};
	rootObject = 7AF730951DB55CD9008132C4 /* Project object */;
}
